
Microsoft Visual Studio Solution File, Format Version 12.00
# Visual Studio Version 16
VisualStudioVersion = 16.0.29911.84
MinimumVisualStudioVersion = 10.0.40219.1
Project("{FAE04EC0-301F-11D3-BF4B-00C04F79EFBC}") = "0-1 zad2", "0-1 zad2\0-1 zad2.csproj", "{DA084FED-D4DB-4B8D-A93C-5A47B4DFDCE5}"
EndProject
Global
	GlobalSection(SolutionConfigurationPlatforms) = preSolution
		Debug|Any CPU = Debug|Any CPU
		Release|Any CPU = Release|Any CPU
	EndGlobalSection
	GlobalSection(ProjectConfigurationPlatforms) = postSolution
		{DA084FED-D4DB-4B8D-A93C-5A47B4DFDCE5}.Debug|Any CPU.ActiveCfg = Debug|Any CPU
		{DA084FED-D4DB-4B8D-A93C-5A47B4DFDCE5}.Debug|Any CPU.Build.0 = Debug|Any CPU
		{DA084FED-D4DB-4B8D-A93C-5A47B4DFDCE5}.Release|Any CPU.ActiveCfg = Release|Any CPU
		{DA084FED-D4DB-4B8D-A93C-5A47B4DFDCE5}.Release|Any CPU.Build.0 = Release|Any CPU
	EndGlobalSection
	GlobalSection(SolutionProperties) = preSolution
		HideSolutionNode = FALSE
	EndGlobalSection
	GlobalSection(ExtensibilityGlobals) = postSolution
		SolutionGuid = {A2CD1419-BCEB-4B1A-9D27-43B1DD06CBA3}
	EndGlobalSection
EndGlobal
